// !$*UTF8*$!
{
	archiveVersion = 1;
	classes = {
	};
	objectVersion = 55;
	objects = {

/* Begin PBXBuildFile section */
		E33D7D7927F4B6F700D852B9 /* AppDelegate.swift in Sources */ = {isa = PBXBuildFile; fileRef = E33D7D7827F4B6F700D852B9 /* AppDelegate.swift */; };
		E33D7D7B27F4B6F700D852B9 /* SceneDelegate.swift in Sources */ = {isa = PBXBuildFile; fileRef = E33D7D7A27F4B6F700D852B9 /* SceneDelegate.swift */; };
		E33D7D7D27F4B6F700D852B9 /* LogInViewController.swift in Sources */ = {isa = PBXBuildFile; fileRef = E33D7D7C27F4B6F700D852B9 /* LogInViewController.swift */; };
		E33D7D8027F4B6F700D852B9 /* Main.storyboard in Resources */ = {isa = PBXBuildFile; fileRef = E33D7D7E27F4B6F700D852B9 /* Main.storyboard */; };
		E33D7D8227F4B6F800D852B9 /* Assets.xcassets in Resources */ = {isa = PBXBuildFile; fileRef = E33D7D8127F4B6F800D852B9 /* Assets.xcassets */; };
		E33D7D8527F4B6F800D852B9 /* LaunchScreen.storyboard in Resources */ = {isa = PBXBuildFile; fileRef = E33D7D8327F4B6F800D852B9 /* LaunchScreen.storyboard */; };
		E34A43AB27F79583000EA7DB /* PurchaseTicketsViewController.swift in Sources */ = {isa = PBXBuildFile; fileRef = E34A43AA27F79583000EA7DB /* PurchaseTicketsViewController.swift */; };
		E34A43AD27F7968E000EA7DB /* FavouritesViewController.swift in Sources */ = {isa = PBXBuildFile; fileRef = E34A43AC27F7968E000EA7DB /* FavouritesViewController.swift */; };
		E34A43AF27F797A9000EA7DB /* ActivityDetailViewController.swift in Sources */ = {isa = PBXBuildFile; fileRef = E34A43AE27F797A9000EA7DB /* ActivityDetailViewController.swift */; };
		E38947E227F4DB880028E6FA /* SourceSansPro-Black.ttf in Resources */ = {isa = PBXBuildFile; fileRef = E38947D627F4DB870028E6FA /* SourceSansPro-Black.ttf */; };
		E38947E327F4DB880028E6FA /* SourceSansPro-Regular.ttf in Resources */ = {isa = PBXBuildFile; fileRef = E38947D727F4DB870028E6FA /* SourceSansPro-Regular.ttf */; };
		E38947E427F4DB880028E6FA /* SourceSansPro-Light.ttf in Resources */ = {isa = PBXBuildFile; fileRef = E38947D827F4DB870028E6FA /* SourceSansPro-Light.ttf */; };
		E38947EC27F4E0DF0028E6FA /* User.swift in Sources */ = {isa = PBXBuildFile; fileRef = E38947EB27F4E0DF0028E6FA /* User.swift */; };
		E3CC637D27F7F4FC00778ED9 /* Activity.swift in Sources */ = {isa = PBXBuildFile; fileRef = E3CC637C27F7F4FC00778ED9 /* Activity.swift */; };
		E3CC637F27F7F68500778ED9 /* ActivityDb.swift in Sources */ = {isa = PBXBuildFile; fileRef = E3CC637E27F7F68500778ED9 /* ActivityDb.swift */; };
		E3CC638427F7FC4700778ED9 /* ActivityCollectionViewCell.swift in Sources */ = {isa = PBXBuildFile; fileRef = E3CC638227F7FC4700778ED9 /* ActivityCollectionViewCell.swift */; };
		E3CC638527F7FC4700778ED9 /* ActivityCollectionViewCell.xib in Resources */ = {isa = PBXBuildFile; fileRef = E3CC638327F7FC4700778ED9 /* ActivityCollectionViewCell.xib */; };
		E3E397EA27F50BB3001B875B /* ActivitiesViewController.swift in Sources */ = {isa = PBXBuildFile; fileRef = E3E397E927F50BB3001B875B /* ActivitiesViewController.swift */; };
/* End PBXBuildFile section */

/* Begin PBXFileReference section */
		E33D7D7527F4B6F700D852B9 /* TouristActivitiesApp_Group6.app */ = {isa = PBXFileReference; explicitFileType = wrapper.application; includeInIndex = 0; path = TouristActivitiesApp_Group6.app; sourceTree = BUILT_PRODUCTS_DIR; };
		E33D7D7827F4B6F700D852B9 /* AppDelegate.swift */ = {isa = PBXFileReference; lastKnownFileType = sourcecode.swift; path = AppDelegate.swift; sourceTree = "<group>"; };
		E33D7D7A27F4B6F700D852B9 /* SceneDelegate.swift */ = {isa = PBXFileReference; lastKnownFileType = sourcecode.swift; path = SceneDelegate.swift; sourceTree = "<group>"; };
		E33D7D7C27F4B6F700D852B9 /* LogInViewController.swift */ = {isa = PBXFileReference; lastKnownFileType = sourcecode.swift; path = LogInViewController.swift; sourceTree = "<group>"; };
		E33D7D7F27F4B6F700D852B9 /* Base */ = {isa = PBXFileReference; lastKnownFileType = file.storyboard; name = Base; path = Base.lproj/Main.storyboard; sourceTree = "<group>"; };
		E33D7D8127F4B6F800D852B9 /* Assets.xcassets */ = {isa = PBXFileReference; lastKnownFileType = folder.assetcatalog; path = Assets.xcassets; sourceTree = "<group>"; };
		E33D7D8427F4B6F800D852B9 /* Base */ = {isa = PBXFileReference; lastKnownFileType = file.storyboard; name = Base; path = Base.lproj/LaunchScreen.storyboard; sourceTree = "<group>"; };
		E33D7D8627F4B6F800D852B9 /* Info.plist */ = {isa = PBXFileReference; lastKnownFileType = text.plist.xml; path = Info.plist; sourceTree = "<group>"; };
		E34A43AA27F79583000EA7DB /* PurchaseTicketsViewController.swift */ = {isa = PBXFileReference; lastKnownFileType = sourcecode.swift; path = PurchaseTicketsViewController.swift; sourceTree = "<group>"; };
		E34A43AC27F7968E000EA7DB /* FavouritesViewController.swift */ = {isa = PBXFileReference; lastKnownFileType = sourcecode.swift; path = FavouritesViewController.swift; sourceTree = "<group>"; };
		E34A43AE27F797A9000EA7DB /* ActivityDetailViewController.swift */ = {isa = PBXFileReference; lastKnownFileType = sourcecode.swift; path = ActivityDetailViewController.swift; sourceTree = "<group>"; };
		E38947D627F4DB870028E6FA /* SourceSansPro-Black.ttf */ = {isa = PBXFileReference; lastKnownFileType = file; path = "SourceSansPro-Black.ttf"; sourceTree = "<group>"; };
		E38947D727F4DB870028E6FA /* SourceSansPro-Regular.ttf */ = {isa = PBXFileReference; lastKnownFileType = file; path = "SourceSansPro-Regular.ttf"; sourceTree = "<group>"; };
		E38947D827F4DB870028E6FA /* SourceSansPro-Light.ttf */ = {isa = PBXFileReference; lastKnownFileType = file; path = "SourceSansPro-Light.ttf"; sourceTree = "<group>"; };
		E38947EB27F4E0DF0028E6FA /* User.swift */ = {isa = PBXFileReference; lastKnownFileType = sourcecode.swift; path = User.swift; sourceTree = "<group>"; };
		E3CC637C27F7F4FC00778ED9 /* Activity.swift */ = {isa = PBXFileReference; lastKnownFileType = sourcecode.swift; path = Activity.swift; sourceTree = "<group>"; };
		E3CC637E27F7F68500778ED9 /* ActivityDb.swift */ = {isa = PBXFileReference; lastKnownFileType = sourcecode.swift; path = ActivityDb.swift; sourceTree = "<group>"; };
		E3CC638227F7FC4700778ED9 /* ActivityCollectionViewCell.swift */ = {isa = PBXFileReference; lastKnownFileType = sourcecode.swift; path = ActivityCollectionViewCell.swift; sourceTree = "<group>"; };
		E3CC638327F7FC4700778ED9 /* ActivityCollectionViewCell.xib */ = {isa = PBXFileReference; lastKnownFileType = file.xib; path = ActivityCollectionViewCell.xib; sourceTree = "<group>"; };
		E3E397E927F50BB3001B875B /* ActivitiesViewController.swift */ = {isa = PBXFileReference; lastKnownFileType = sourcecode.swift; path = ActivitiesViewController.swift; sourceTree = "<group>"; };
/* End PBXFileReference section */

/* Begin PBXFrameworksBuildPhase section */
		E33D7D7227F4B6F700D852B9 /* Frameworks */ = {
			isa = PBXFrameworksBuildPhase;
			buildActionMask = 2147483647;
			files = (
			);
			runOnlyForDeploymentPostprocessing = 0;
		};
/* End PBXFrameworksBuildPhase section */

/* Begin PBXGroup section */
		E33D7D6C27F4B6F700D852B9 = {
			isa = PBXGroup;
			children = (
				E33D7D7727F4B6F700D852B9 /* TouristActivitiesApp_Group6 */,
				E33D7D7627F4B6F700D852B9 /* Products */,
			);
			sourceTree = "<group>";
		};
		E33D7D7627F4B6F700D852B9 /* Products */ = {
			isa = PBXGroup;
			children = (
				E33D7D7527F4B6F700D852B9 /* TouristActivitiesApp_Group6.app */,
			);
			name = Products;
			sourceTree = "<group>";
		};
		E33D7D7727F4B6F700D852B9 /* TouristActivitiesApp_Group6 */ = {
			isa = PBXGroup;
			children = (
				E38947D027F4DA6B0028E6FA /* Resources */,
				E38947CF27F4D8DF0028E6FA /* db */,
				E38947CE27F4D8D80028E6FA /* Model */,
				E38947CD27F4D8CA0028E6FA /* ViewControllers */,
				E33D7D7827F4B6F700D852B9 /* AppDelegate.swift */,
				E33D7D7A27F4B6F700D852B9 /* SceneDelegate.swift */,
				E33D7D7E27F4B6F700D852B9 /* Main.storyboard */,
				E3CC638327F7FC4700778ED9 /* ActivityCollectionViewCell.xib */,
				E33D7D8327F4B6F800D852B9 /* LaunchScreen.storyboard */,
				E33D7D8127F4B6F800D852B9 /* Assets.xcassets */,
				E33D7D8627F4B6F800D852B9 /* Info.plist */,
			);
			path = TouristActivitiesApp_Group6;
			sourceTree = "<group>";
		};
		E38947CD27F4D8CA0028E6FA /* ViewControllers */ = {
			isa = PBXGroup;
			children = (
				E33D7D7C27F4B6F700D852B9 /* LogInViewController.swift */,
				E3E397E927F50BB3001B875B /* ActivitiesViewController.swift */,
				E34A43AA27F79583000EA7DB /* PurchaseTicketsViewController.swift */,
				E34A43AC27F7968E000EA7DB /* FavouritesViewController.swift */,
				E34A43AE27F797A9000EA7DB /* ActivityDetailViewController.swift */,
				E3CC638227F7FC4700778ED9 /* ActivityCollectionViewCell.swift */,
			);
			path = ViewControllers;
			sourceTree = "<group>";
		};
		E38947CE27F4D8D80028E6FA /* Model */ = {
			isa = PBXGroup;
			children = (
				E38947EB27F4E0DF0028E6FA /* User.swift */,
				E3CC637C27F7F4FC00778ED9 /* Activity.swift */,
			);
			path = Model;
			sourceTree = "<group>";
		};
		E38947CF27F4D8DF0028E6FA /* db */ = {
			isa = PBXGroup;
			children = (
				E3CC637E27F7F68500778ED9 /* ActivityDb.swift */,
			);
			path = db;
			sourceTree = "<group>";
		};
		E38947D027F4DA6B0028E6FA /* Resources */ = {
			isa = PBXGroup;
			children = (
				E38947D627F4DB870028E6FA /* SourceSansPro-Black.ttf */,
				E38947D827F4DB870028E6FA /* SourceSansPro-Light.ttf */,
				E38947D727F4DB870028E6FA /* SourceSansPro-Regular.ttf */,
			);
			path = Resources;
			sourceTree = "<group>";
		};
/* End PBXGroup section */

/* Begin PBXNativeTarget section */
		E33D7D7427F4B6F700D852B9 /* TouristActivitiesApp_Group6 */ = {
			isa = PBXNativeTarget;
			buildConfigurationList = E33D7D8927F4B6F800D852B9 /* Build configuration list for PBXNativeTarget "TouristActivitiesApp_Group6" */;
			buildPhases = (
				E33D7D7127F4B6F700D852B9 /* Sources */,
				E33D7D7227F4B6F700D852B9 /* Frameworks */,
				E33D7D7327F4B6F700D852B9 /* Resources */,
			);
			buildRules = (
			);
			dependencies = (
			);
			name = TouristActivitiesApp_Group6;
			productName = TouristActivitiesApp_Group6;
			productReference = E33D7D7527F4B6F700D852B9 /* TouristActivitiesApp_Group6.app */;
			productType = "com.apple.product-type.application";
		};
/* End PBXNativeTarget section */

/* Begin PBXProject section */
		E33D7D6D27F4B6F700D852B9 /* Project object */ = {
			isa = PBXProject;
			attributes = {
				BuildIndependentTargetsInParallel = 1;
				LastSwiftUpdateCheck = 1320;
				LastUpgradeCheck = 1320;
				TargetAttributes = {
					E33D7D7427F4B6F700D852B9 = {
						CreatedOnToolsVersion = 13.2.1;
					};
				};
			};
			buildConfigurationList = E33D7D7027F4B6F700D852B9 /* Build configuration list for PBXProject "TouristActivitiesApp_Group6" */;
			compatibilityVersion = "Xcode 13.0";
			developmentRegion = en;
			hasScannedForEncodings = 0;
			knownRegions = (
				en,
				Base,
			);
			mainGroup = E33D7D6C27F4B6F700D852B9;
			productRefGroup = E33D7D7627F4B6F700D852B9 /* Products */;
			projectDirPath = "";
			projectRoot = "";
			targets = (
				E33D7D7427F4B6F700D852B9 /* TouristActivitiesApp_Group6 */,
			);
		};
/* End PBXProject section */

/* Begin PBXResourcesBuildPhase section */
		E33D7D7327F4B6F700D852B9 /* Resources */ = {
			isa = PBXResourcesBuildPhase;
			buildActionMask = 2147483647;
			files = (
				E33D7D8527F4B6F800D852B9 /* LaunchScreen.storyboard in Resources */,
				E33D7D8227F4B6F800D852B9 /* Assets.xcassets in Resources */,
				E38947E427F4DB880028E6FA /* SourceSansPro-Light.ttf in Resources */,
				E38947E327F4DB880028E6FA /* SourceSansPro-Regular.ttf in Resources */,
				E33D7D8027F4B6F700D852B9 /* Main.storyboard in Resources */,
				E38947E227F4DB880028E6FA /* SourceSansPro-Black.ttf in Resources */,
				E3CC638527F7FC4700778ED9 /* ActivityCollectionViewCell.xib in Resources */,
			);
			runOnlyForDeploymentPostprocessing = 0;
		};
/* End PBXResourcesBuildPhase section */

/* Begin PBXSourcesBuildPhase section */
		E33D7D7127F4B6F700D852B9 /* Sources */ = {
			isa = PBXSourcesBuildPhase;
			buildActionMask = 2147483647;
			files = (
				E38947EC27F4E0DF0028E6FA /* User.swift in Sources */,
				E33D7D7D27F4B6F700D852B9 /* LogInViewController.swift in Sources */,
				E3E397EA27F50BB3001B875B /* ActivitiesViewController.swift in Sources */,
				E3CC638427F7FC4700778ED9 /* ActivityCollectionViewCell.swift in Sources */,
				E33D7D7927F4B6F700D852B9 /* AppDelegate.swift in Sources */,
				E3CC637F27F7F68500778ED9 /* ActivityDb.swift in Sources */,
				E34A43AF27F797A9000EA7DB /* ActivityDetailViewController.swift in Sources */,
				E33D7D7B27F4B6F700D852B9 /* SceneDelegate.swift in Sources */,
				E3CC637D27F7F4FC00778ED9 /* Activity.swift in Sources */,
				E34A43AD27F7968E000EA7DB /* FavouritesViewController.swift in Sources */,
				E34A43AB27F79583000EA7DB /* PurchaseTicketsViewController.swift in Sources */,
			);
			runOnlyForDeploymentPostprocessing = 0;
		};
/* End PBXSourcesBuildPhase section */

/* Begin PBXVariantGroup section */
		E33D7D7E27F4B6F700D852B9 /* Main.storyboard */ = {
			isa = PBXVariantGroup;
			children = (
				E33D7D7F27F4B6F700D852B9 /* Base */,
			);
			name = Main.storyboard;
			sourceTree = "<group>";
		};
		E33D7D8327F4B6F800D852B9 /* LaunchScreen.storyboard */ = {
			isa = PBXVariantGroup;
			children = (
				E33D7D8427F4B6F800D852B9 /* Base */,
			);
			name = LaunchScreen.storyboard;
			sourceTree = "<group>";
		};
/* End PBXVariantGroup section */

/* Begin XCBuildConfiguration section */
		E33D7D8727F4B6F800D852B9 /* Debug */ = {
			isa = XCBuildConfiguration;
			buildSettings = {
				ALWAYS_SEARCH_USER_PATHS = NO;
				CLANG_ANALYZER_NONNULL = YES;
				CLANG_ANALYZER_NUMBER_OBJECT_CONVERSION = YES_AGGRESSIVE;
				CLANG_CXX_LANGUAGE_STANDARD = "gnu++17";
				CLANG_CXX_LIBRARY = "libc++";
				CLANG_ENABLE_MODULES = YES;
				CLANG_ENABLE_OBJC_ARC = YES;
				CLANG_ENABLE_OBJC_WEAK = YES;
				CLANG_WARN_BLOCK_CAPTURE_AUTORELEASING = YES;
				CLANG_WARN_BOOL_CONVERSION = YES;
				CLANG_WARN_COMMA = YES;
				CLANG_WARN_CONSTANT_CONVERSION = YES;
				CLANG_WARN_DEPRECATED_OBJC_IMPLEMENTATIONS = YES;
				CLANG_WARN_DIRECT_OBJC_ISA_USAGE = YES_ERROR;
				CLANG_WARN_DOCUMENTATION_COMMENTS = YES;
				CLANG_WARN_EMPTY_BODY = YES;
				CLANG_WARN_ENUM_CONVERSION = YES;
				CLANG_WARN_INFINITE_RECURSION = YES;
				CLANG_WARN_INT_CONVERSION = YES;
				CLANG_WARN_NON_LITERAL_NULL_CONVERSION = YES;
				CLANG_WARN_OBJC_IMPLICIT_RETAIN_SELF = YES;
				CLANG_WARN_OBJC_LITERAL_CONVERSION = YES;
				CLANG_WARN_OBJC_ROOT_CLASS = YES_ERROR;
				CLANG_WARN_QUOTED_INCLUDE_IN_FRAMEWORK_HEADER = YES;
				CLANG_WARN_RANGE_LOOP_ANALYSIS = YES;
				CLANG_WARN_STRICT_PROTOTYPES = YES;
				CLANG_WARN_SUSPICIOUS_MOVE = YES;
				CLANG_WARN_UNGUARDED_AVAILABILITY = YES_AGGRESSIVE;
				CLANG_WARN_UNREACHABLE_CODE = YES;
				CLANG_WARN__DUPLICATE_METHOD_MATCH = YES;
				COPY_PHASE_STRIP = NO;
				DEBUG_INFORMATION_FORMAT = dwarf;
				ENABLE_STRICT_OBJC_MSGSEND = YES;
				ENABLE_TESTABILITY = YES;
				GCC_C_LANGUAGE_STANDARD = gnu11;
				GCC_DYNAMIC_NO_PIC = NO;
				GCC_NO_COMMON_BLOCKS = YES;
				GCC_OPTIMIZATION_LEVEL = 0;
				GCC_PREPROCESSOR_DEFINITIONS = (
					"DEBUG=1",
					"$(inherited)",
				);
				GCC_WARN_64_TO_32_BIT_CONVERSION = YES;
				GCC_WARN_ABOUT_RETURN_TYPE = YES_ERROR;
				GCC_WARN_UNDECLARED_SELECTOR = YES;
				GCC_WARN_UNINITIALIZED_AUTOS = YES_AGGRESSIVE;
				GCC_WARN_UNUSED_FUNCTION = YES;
				GCC_WARN_UNUSED_VARIABLE = YES;
				IPHONEOS_DEPLOYMENT_TARGET = 15.2;
				MTL_ENABLE_DEBUG_INFO = INCLUDE_SOURCE;
				MTL_FAST_MATH = YES;
				ONLY_ACTIVE_ARCH = YES;
				SDKROOT = iphoneos;
				SWIFT_ACTIVE_COMPILATION_CONDITIONS = DEBUG;
				SWIFT_OPTIMIZATION_LEVEL = "-Onone";
			};
			name = Debug;
		};
		E33D7D8827F4B6F800D852B9 /* Release */ = {
			isa = XCBuildConfiguration;
			buildSettings = {
				ALWAYS_SEARCH_USER_PATHS = NO;
				CLANG_ANALYZER_NONNULL = YES;
				CLANG_ANALYZER_NUMBER_OBJECT_CONVERSION = YES_AGGRESSIVE;
				CLANG_CXX_LANGUAGE_STANDARD = "gnu++17";
				CLANG_CXX_LIBRARY = "libc++";
				CLANG_ENABLE_MODULES = YES;
				CLANG_ENABLE_OBJC_ARC = YES;
				CLANG_ENABLE_OBJC_WEAK = YES;
				CLANG_WARN_BLOCK_CAPTURE_AUTORELEASING = YES;
				CLANG_WARN_BOOL_CONVERSION = YES;
				CLANG_WARN_COMMA = YES;
				CLANG_WARN_CONSTANT_CONVERSION = YES;
				CLANG_WARN_DEPRECATED_OBJC_IMPLEMENTATIONS = YES;
				CLANG_WARN_DIRECT_OBJC_ISA_USAGE = YES_ERROR;
				CLANG_WARN_DOCUMENTATION_COMMENTS = YES;
				CLANG_WARN_EMPTY_BODY = YES;
				CLANG_WARN_ENUM_CONVERSION = YES;
				CLANG_WARN_INFINITE_RECURSION = YES;
				CLANG_WARN_INT_CONVERSION = YES;
				CLANG_WARN_NON_LITERAL_NULL_CONVERSION = YES;
				CLANG_WARN_OBJC_IMPLICIT_RETAIN_SELF = YES;
				CLANG_WARN_OBJC_LITERAL_CONVERSION = YES;
				CLANG_WARN_OBJC_ROOT_CLASS = YES_ERROR;
				CLANG_WARN_QUOTED_INCLUDE_IN_FRAMEWORK_HEADER = YES;
				CLANG_WARN_RANGE_LOOP_ANALYSIS = YES;
				CLANG_WARN_STRICT_PROTOTYPES = YES;
				CLANG_WARN_SUSPICIOUS_MOVE = YES;
				CLANG_WARN_UNGUARDED_AVAILABILITY = YES_AGGRESSIVE;
				CLANG_WARN_UNREACHABLE_CODE = YES;
				CLANG_WARN__DUPLICATE_METHOD_MATCH = YES;
				COPY_PHASE_STRIP = NO;
				DEBUG_INFORMATION_FORMAT = "dwarf-with-dsym";
				ENABLE_NS_ASSERTIONS = NO;
				ENABLE_STRICT_OBJC_MSGSEND = YES;
				GCC_C_LANGUAGE_STANDARD = gnu11;
				GCC_NO_COMMON_BLOCKS = YES;
				GCC_WARN_64_TO_32_BIT_CONVERSION = YES;
				GCC_WARN_ABOUT_RETURN_TYPE = YES_ERROR;
				GCC_WARN_UNDECLARED_SELECTOR = YES;
				GCC_WARN_UNINITIALIZED_AUTOS = YES_AGGRESSIVE;
				GCC_WARN_UNUSED_FUNCTION = YES;
				GCC_WARN_UNUSED_VARIABLE = YES;
				IPHONEOS_DEPLOYMENT_TARGET = 15.2;
				MTL_ENABLE_DEBUG_INFO = NO;
				MTL_FAST_MATH = YES;
				SDKROOT = iphoneos;
				SWIFT_COMPILATION_MODE = wholemodule;
				SWIFT_OPTIMIZATION_LEVEL = "-O";
				VALIDATE_PRODUCT = YES;
			};
			name = Release;
		};
		E33D7D8A27F4B6F800D852B9 /* Debug */ = {
			isa = XCBuildConfiguration;
			buildSettings = {
				ASSETCATALOG_COMPILER_APPICON_NAME = AppIcon;
				ASSETCATALOG_COMPILER_GLOBAL_ACCENT_COLOR_NAME = AccentColor;
				CODE_SIGN_STYLE = Automatic;
				CURRENT_PROJECT_VERSION = 1;
				GENERATE_INFOPLIST_FILE = YES;
				INFOPLIST_FILE = TouristActivitiesApp_Group6/Info.plist;
				INFOPLIST_KEY_UIApplicationSupportsIndirectInputEvents = YES;
				INFOPLIST_KEY_UILaunchStoryboardName = LaunchScreen;
				INFOPLIST_KEY_UIMainStoryboardFile = Main;
				INFOPLIST_KEY_UISupportedInterfaceOrientations_iPad = "UIInterfaceOrientationPortrait UIInterfaceOrientationPortraitUpsideDown UIInterfaceOrientationLandscapeLeft UIInterfaceOrientationLandscapeRight";
				INFOPLIST_KEY_UISupportedInterfaceOrientations_iPhone = "UIInterfaceOrientationPortrait UIInterfaceOrientationLandscapeLeft UIInterfaceOrientationLandscapeRight";
				LD_RUNPATH_SEARCH_PATHS = (
					"$(inherited)",
					"@executable_path/Frameworks",
				);
				MARKETING_VERSION = 1.0;
				PRODUCT_BUNDLE_IDENTIFIER = "com.test.TouristActivitiesApp-Group6";
				PRODUCT_NAME = "$(TARGET_NAME)";
				SWIFT_EMIT_LOC_STRINGS = YES;
				SWIFT_VERSION = 5.0;
				TARGETED_DEVICE_FAMILY = "1,2";
			};
			name = Debug;
		};
		E33D7D8B27F4B6F800D852B9 /* Release */ = {
			isa = XCBuildConfiguration;
			buildSettings = {
				ASSETCATALOG_COMPILER_APPICON_NAME = AppIcon;
				ASSETCATALOG_COMPILER_GLOBAL_ACCENT_COLOR_NAME = AccentColor;
				CODE_SIGN_STYLE = Automatic;
				CURRENT_PROJECT_VERSION = 1;
				GENERATE_INFOPLIST_FILE = YES;
				INFOPLIST_FILE = TouristActivitiesApp_Group6/Info.plist;
				INFOPLIST_KEY_UIApplicationSupportsIndirectInputEvents = YES;
				INFOPLIST_KEY_UILaunchStoryboardName = LaunchScreen;
				INFOPLIST_KEY_UIMainStoryboardFile = Main;
				INFOPLIST_KEY_UISupportedInterfaceOrientations_iPad = "UIInterfaceOrientationPortrait UIInterfaceOrientationPortraitUpsideDown UIInterfaceOrientationLandscapeLeft UIInterfaceOrientationLandscapeRight";
				INFOPLIST_KEY_UISupportedInterfaceOrientations_iPhone = "UIInterfaceOrientationPortrait UIInterfaceOrientationLandscapeLeft UIInterfaceOrientationLandscapeRight";
				LD_RUNPATH_SEARCH_PATHS = (
					"$(inherited)",
					"@executable_path/Frameworks",
				);
				MARKETING_VERSION = 1.0;
				PRODUCT_BUNDLE_IDENTIFIER = "com.test.TouristActivitiesApp-Group6";
				PRODUCT_NAME = "$(TARGET_NAME)";
				SWIFT_EMIT_LOC_STRINGS = YES;
				SWIFT_VERSION = 5.0;
				TARGETED_DEVICE_FAMILY = "1,2";
			};
			name = Release;
		};
/* End XCBuildConfiguration section */

/* Begin XCConfigurationList section */
		E33D7D7027F4B6F700D852B9 /* Build configuration list for PBXProject "TouristActivitiesApp_Group6" */ = {
			isa = XCConfigurationList;
			buildConfigurations = (
				E33D7D8727F4B6F800D852B9 /* Debug */,
				E33D7D8827F4B6F800D852B9 /* Release */,
			);
			defaultConfigurationIsVisible = 0;
			defaultConfigurationName = Release;
		};
		E33D7D8927F4B6F800D852B9 /* Build configuration list for PBXNativeTarget "TouristActivitiesApp_Group6" */ = {
			isa = XCConfigurationList;
			buildConfigurations = (
				E33D7D8A27F4B6F800D852B9 /* Debug */,
				E33D7D8B27F4B6F800D852B9 /* Release */,
			);
			defaultConfigurationIsVisible = 0;
			defaultConfigurationName = Release;
		};
/* End XCConfigurationList section */
	};
	rootObject = E33D7D6D27F4B6F700D852B9 /* Project object */;
}
